
Microsoft Visual Studio Solution File, Format Version 12.00
# Visual Studio Version 17
VisualStudioVersion = 17.2.32616.157
MinimumVisualStudioVersion = 10.0.40219.1
Project("{FAE04EC0-301F-11D3-BF4B-00C04F79EFBC}") = "SelectionStatmentsExercise", "SelectionStatmentsExercise\SelectionStatmentsExercise.csproj", "{812DF960-3B82-41F2-8F42-82B4D92F8968}"
EndProject
Global
	GlobalSection(SolutionConfigurationPlatforms) = preSolution
		Debug|Any CPU = Debug|Any CPU
		Release|Any CPU = Release|Any CPU
	EndGlobalSection
	GlobalSection(ProjectConfigurationPlatforms) = postSolution
		{812DF960-3B82-41F2-8F42-82B4D92F8968}.Debug|Any CPU.ActiveCfg = Debug|Any CPU
		{812DF960-3B82-41F2-8F42-82B4D92F8968}.Debug|Any CPU.Build.0 = Debug|Any CPU
		{812DF960-3B82-41F2-8F42-82B4D92F8968}.Release|Any CPU.ActiveCfg = Release|Any CPU
		{812DF960-3B82-41F2-8F42-82B4D92F8968}.Release|Any CPU.Build.0 = Release|Any CPU
	EndGlobalSection
	GlobalSection(SolutionProperties) = preSolution
		HideSolutionNode = FALSE
	EndGlobalSection
	GlobalSection(ExtensibilityGlobals) = postSolution
		SolutionGuid = {F3C942B3-CB28-457B-96EA-E4317696C908}
	EndGlobalSection
EndGlobal
